
Microsoft Visual Studio Solution File, Format Version 12.00
# Visual Studio Version 16
VisualStudioVersion = 16.0.30503.244
MinimumVisualStudioVersion = 10.0.40219.1
Project("{FAE04EC0-301F-11D3-BF4B-00C04F79EFBC}") = "10Martie_pb2", "10Martie_pb2\10Martie_pb2.csproj", "{A72659A7-8435-4927-860E-8DEBFCB02727}"
EndProject
Global
	GlobalSection(SolutionConfigurationPlatforms) = preSolution
		Debug|Any CPU = Debug|Any CPU
		Release|Any CPU = Release|Any CPU
	EndGlobalSection
	GlobalSection(ProjectConfigurationPlatforms) = postSolution
		{A72659A7-8435-4927-860E-8DEBFCB02727}.Debug|Any CPU.ActiveCfg = Debug|Any CPU
		{A72659A7-8435-4927-860E-8DEBFCB02727}.Debug|Any CPU.Build.0 = Debug|Any CPU
		{A72659A7-8435-4927-860E-8DEBFCB02727}.Release|Any CPU.ActiveCfg = Release|Any CPU
		{A72659A7-8435-4927-860E-8DEBFCB02727}.Release|Any CPU.Build.0 = Release|Any CPU
	EndGlobalSection
	GlobalSection(SolutionProperties) = preSolution
		HideSolutionNode = FALSE
	EndGlobalSection
	GlobalSection(ExtensibilityGlobals) = postSolution
		SolutionGuid = {06A86142-7164-40EC-8F46-BF10C5DD227C}
	EndGlobalSection
EndGlobal
